{
  "name": "FakeBook",
  "requires": true,
  "lockfileVersion": 1,
  "dependencies": {
    "@creativebulma/bulma-collapsible": {
      "version": "1.0.4",
      "resolved": "https://registry.npmjs.org/@creativebulma/bulma-collapsible/-/bulma-collapsible-1.0.4.tgz",
      "integrity": "sha512-aNqSwyuJxshoIc4oD3wJ3eRqOANRweYfpzqmef/fj5tf0Yn7UVx99yh8ovY6vhB8Il31bFcc7f/eRfJvEMNUPw==",
      "requires": {
        "bulma": "^0.9.1"
      }
    },
    "bulma": {
      "version": "0.9.1",
      "resolved": "https://registry.npmjs.org/bulma/-/bulma-0.9.1.tgz",
      "integrity": "sha512-LSF69OumXg2HSKl2+rN0/OEXJy7WFEb681wtBlNS/ulJYR27J3rORHibdXZ6GVb/vyUzzYK/Arjyh56wjbFedA=="
    }
  }
}
